// !$*UTF8*$!
{
	archiveVersion = 1;
	classes = {
	};
	objectVersion = 56;
	objects = {

/* Begin PBXBuildFile section */
		CB02B51C2ACE25DD003F7748 /* Archer_GolfApp.swift in Sources */ = {isa = PBXBuildFile; fileRef = CB02B51B2ACE25DD003F7748 /* Archer_GolfApp.swift */; };
		CB02B51E2ACE25DD003F7748 /* ContentView.swift in Sources */ = {isa = PBXBuildFile; fileRef = CB02B51D2ACE25DD003F7748 /* ContentView.swift */; };
		CB02B5222ACE25DE003F7748 /* Assets.xcassets in Resources */ = {isa = PBXBuildFile; fileRef = CB02B5212ACE25DE003F7748 /* Assets.xcassets */; };
		CB02B5262ACE25DE003F7748 /* Preview Assets.xcassets in Resources */ = {isa = PBXBuildFile; fileRef = CB02B5252ACE25DE003F7748 /* Preview Assets.xcassets */; };
		CB02B52F2ACE261F003F7748 /* SwingView.swift in Sources */ = {isa = PBXBuildFile; fileRef = CB02B52E2ACE261F003F7748 /* SwingView.swift */; };
		CB02B5332ACE2662003F7748 /* BLESwingSensor.swift in Sources */ = {isa = PBXBuildFile; fileRef = CB02B5322ACE2662003F7748 /* BLESwingSensor.swift */; };
		CB02B5352ACE2682003F7748 /* SwingSensorDevice.swift in Sources */ = {isa = PBXBuildFile; fileRef = CB02B5342ACE2682003F7748 /* SwingSensorDevice.swift */; };
		CB02B5382ACE26B1003F7748 /* UUIDUtils.swift in Sources */ = {isa = PBXBuildFile; fileRef = CB02B5372ACE26B1003F7748 /* UUIDUtils.swift */; };
		CB02B53A2ACE6A4D003F7748 /* 3DTest.swift in Sources */ = {isa = PBXBuildFile; fileRef = CB02B5392ACE6A4D003F7748 /* 3DTest.swift */; };
		CB02B53C2ACE7977003F7748 /* LowPassFilter.swift in Sources */ = {isa = PBXBuildFile; fileRef = CB02B53B2ACE7977003F7748 /* LowPassFilter.swift */; };
		CB02B53E2ACF4553003F7748 /* MockSwingSensor.swift in Sources */ = {isa = PBXBuildFile; fileRef = CB02B53D2ACF4553003F7748 /* MockSwingSensor.swift */; };
		CB0A09EB2AD738080055874D /* SwingStatsView.swift in Sources */ = {isa = PBXBuildFile; fileRef = CB0A09EA2AD738080055874D /* SwingStatsView.swift */; };
		CB0A09ED2AD73BC30055874D /* Swing.swift in Sources */ = {isa = PBXBuildFile; fileRef = CB0A09EC2AD73BC30055874D /* Swing.swift */; };
		CB0A09EF2AD745190055874D /* SwingSession.swift in Sources */ = {isa = PBXBuildFile; fileRef = CB0A09EE2AD745190055874D /* SwingSession.swift */; };
		CB0A09F12AD87CB00055874D /* RoundedRectangleWithShadow.swift in Sources */ = {isa = PBXBuildFile; fileRef = CB0A09F02AD87CB00055874D /* RoundedRectangleWithShadow.swift */; };
		CB0A09F32AD890990055874D /* DoubleUtils.swift in Sources */ = {isa = PBXBuildFile; fileRef = CB0A09F22AD890990055874D /* DoubleUtils.swift */; };
		CB0A0A0D2AD9D6BF0055874D /* BR Firma SemiBold Italic.otf in Resources */ = {isa = PBXBuildFile; fileRef = CB0A09FD2AD9D6BF0055874D /* BR Firma SemiBold Italic.otf */; };
		CB0A0A0E2AD9D6BF0055874D /* BR Firma Medium Italic.otf in Resources */ = {isa = PBXBuildFile; fileRef = CB0A09FE2AD9D6BF0055874D /* BR Firma Medium Italic.otf */; };
		CB0A0A0F2AD9D6BF0055874D /* BR Firma Black Italic.otf in Resources */ = {isa = PBXBuildFile; fileRef = CB0A09FF2AD9D6BF0055874D /* BR Firma Black Italic.otf */; };
		CB0A0A102AD9D6BF0055874D /* BR Firma Light Italic.otf in Resources */ = {isa = PBXBuildFile; fileRef = CB0A0A002AD9D6BF0055874D /* BR Firma Light Italic.otf */; };
		CB0A0A112AD9D6BF0055874D /* BR Firma Light.otf in Resources */ = {isa = PBXBuildFile; fileRef = CB0A0A012AD9D6BF0055874D /* BR Firma Light.otf */; };
		CB0A0A122AD9D6BF0055874D /* BR Firma Thin.otf in Resources */ = {isa = PBXBuildFile; fileRef = CB0A0A022AD9D6BF0055874D /* BR Firma Thin.otf */; };
		CB0A0A132AD9D6BF0055874D /* BR Firma Bold.otf in Resources */ = {isa = PBXBuildFile; fileRef = CB0A0A032AD9D6BF0055874D /* BR Firma Bold.otf */; };
		CB0A0A142AD9D6BF0055874D /* BR Firma Regular Italic.otf in Resources */ = {isa = PBXBuildFile; fileRef = CB0A0A042AD9D6BF0055874D /* BR Firma Regular Italic.otf */; };
		CB0A0A152AD9D6BF0055874D /* BR Firma Thin Italic.otf in Resources */ = {isa = PBXBuildFile; fileRef = CB0A0A052AD9D6BF0055874D /* BR Firma Thin Italic.otf */; };
		CB0A0A162AD9D6BF0055874D /* BR Firma Extra Light.otf in Resources */ = {isa = PBXBuildFile; fileRef = CB0A0A062AD9D6BF0055874D /* BR Firma Extra Light.otf */; };
		CB0A0A172AD9D6BF0055874D /* BR Firma Extra Light Italic.otf in Resources */ = {isa = PBXBuildFile; fileRef = CB0A0A072AD9D6BF0055874D /* BR Firma Extra Light Italic.otf */; };
		CB0A0A182AD9D6BF0055874D /* BR Firma Regular.otf in Resources */ = {isa = PBXBuildFile; fileRef = CB0A0A082AD9D6BF0055874D /* BR Firma Regular.otf */; };
		CB0A0A192AD9D6BF0055874D /* BR Firma SemiBold.otf in Resources */ = {isa = PBXBuildFile; fileRef = CB0A0A092AD9D6BF0055874D /* BR Firma SemiBold.otf */; };
		CB0A0A1A2AD9D6BF0055874D /* BR Firma Black.otf in Resources */ = {isa = PBXBuildFile; fileRef = CB0A0A0A2AD9D6BF0055874D /* BR Firma Black.otf */; };
		CB0A0A1B2AD9D6BF0055874D /* BR Firma Bold Italic.otf in Resources */ = {isa = PBXBuildFile; fileRef = CB0A0A0B2AD9D6BF0055874D /* BR Firma Bold Italic.otf */; };
		CB0A0A1C2AD9D6BF0055874D /* BR Firma Medium.otf in Resources */ = {isa = PBXBuildFile; fileRef = CB0A0A0C2AD9D6BF0055874D /* BR Firma Medium.otf */; };
		CB0A0A1F2AD9D89A0055874D /* Fonts.swift in Sources */ = {isa = PBXBuildFile; fileRef = CB0A0A1E2AD9D89A0055874D /* Fonts.swift */; };
		CB0A0A212AD9DC4D0055874D /* FontSwizzler.swift in Sources */ = {isa = PBXBuildFile; fileRef = CB0A0A202AD9DC4D0055874D /* FontSwizzler.swift */; };
		CB0A40C42AE72336007C7C2F /* SwingDetector.swift in Sources */ = {isa = PBXBuildFile; fileRef = CB0A40C32AE72336007C7C2F /* SwingDetector.swift */; };
		CB615D252AF0542500249854 /* SwingStatGridView.swift in Sources */ = {isa = PBXBuildFile; fileRef = CB615D242AF0542500249854 /* SwingStatGridView.swift */; };
		CB615D272AF05E8800249854 /* AppHeader.swift in Sources */ = {isa = PBXBuildFile; fileRef = CB615D262AF05E8800249854 /* AppHeader.swift */; };
		CB8C81F82AD086E500407CC5 /* SumGyro.swift in Sources */ = {isa = PBXBuildFile; fileRef = CB8C81F72AD086E500407CC5 /* SumGyro.swift */; };
		CB8C81FA2AD08B6900407CC5 /* 3dRectangleTest.swift in Sources */ = {isa = PBXBuildFile; fileRef = CB8C81F92AD08B6900407CC5 /* 3dRectangleTest.swift */; };
		CB971E802AFED701008E39DF /* SwingDetectorProtocol.swift in Sources */ = {isa = PBXBuildFile; fileRef = CB971E7F2AFED701008E39DF /* SwingDetectorProtocol.swift */; };
		CB971E822AFEDDBE008E39DF /* SwingChart.swift in Sources */ = {isa = PBXBuildFile; fileRef = CB971E812AFEDDBE008E39DF /* SwingChart.swift */; };
		CB971E8C2B031E8E008E39DF /* Logger.swift in Sources */ = {isa = PBXBuildFile; fileRef = CB971E8B2B031E8E008E39DF /* Logger.swift */; };
		CB971E8E2B033112008E39DF /* RecordingButton.swift in Sources */ = {isa = PBXBuildFile; fileRef = CB971E8D2B033112008E39DF /* RecordingButton.swift */; };
		CB971E902B033446008E39DF /* SwingListView.swift in Sources */ = {isa = PBXBuildFile; fileRef = CB971E8F2B033446008E39DF /* SwingListView.swift */; };
		CB971E922B033614008E39DF /* SensorStats.swift in Sources */ = {isa = PBXBuildFile; fileRef = CB971E912B033614008E39DF /* SensorStats.swift */; };
		CB971E952B033975008E39DF /* Dependencies in Frameworks */ = {isa = PBXBuildFile; productRef = CB971E942B033975008E39DF /* Dependencies */; };
		CB9E765B2AFC35D000E859E2 /* SwingDataProcessor.swift in Sources */ = {isa = PBXBuildFile; fileRef = CB9E765A2AFC35D000E859E2 /* SwingDataProcessor.swift */; };
/* End PBXBuildFile section */

/* Begin PBXFileReference section */
		CB02B5182ACE25DD003F7748 /* Archer Golf.app */ = {isa = PBXFileReference; explicitFileType = wrapper.application; includeInIndex = 0; path = "Archer Golf.app"; sourceTree = BUILT_PRODUCTS_DIR; };
		CB02B51B2ACE25DD003F7748 /* Archer_GolfApp.swift */ = {isa = PBXFileReference; lastKnownFileType = sourcecode.swift; path = Archer_GolfApp.swift; sourceTree = "<group>"; };
		CB02B51D2ACE25DD003F7748 /* ContentView.swift */ = {isa = PBXFileReference; lastKnownFileType = sourcecode.swift; path = ContentView.swift; sourceTree = "<group>"; };
		CB02B5212ACE25DE003F7748 /* Assets.xcassets */ = {isa = PBXFileReference; lastKnownFileType = folder.assetcatalog; path = Assets.xcassets; sourceTree = "<group>"; };
		CB02B5232ACE25DE003F7748 /* Archer_Golf.entitlements */ = {isa = PBXFileReference; lastKnownFileType = text.plist.entitlements; path = Archer_Golf.entitlements; sourceTree = "<group>"; };
		CB02B5252ACE25DE003F7748 /* Preview Assets.xcassets */ = {isa = PBXFileReference; lastKnownFileType = folder.assetcatalog; path = "Preview Assets.xcassets"; sourceTree = "<group>"; };
		CB02B52E2ACE261F003F7748 /* SwingView.swift */ = {isa = PBXFileReference; lastKnownFileType = sourcecode.swift; path = SwingView.swift; sourceTree = "<group>"; };
		CB02B5322ACE2662003F7748 /* BLESwingSensor.swift */ = {isa = PBXFileReference; lastKnownFileType = sourcecode.swift; path = BLESwingSensor.swift; sourceTree = "<group>"; };
		CB02B5342ACE2682003F7748 /* SwingSensorDevice.swift */ = {isa = PBXFileReference; lastKnownFileType = sourcecode.swift; path = SwingSensorDevice.swift; sourceTree = "<group>"; };
		CB02B5372ACE26B1003F7748 /* UUIDUtils.swift */ = {isa = PBXFileReference; lastKnownFileType = sourcecode.swift; path = UUIDUtils.swift; sourceTree = "<group>"; };
		CB02B5392ACE6A4D003F7748 /* 3DTest.swift */ = {isa = PBXFileReference; lastKnownFileType = sourcecode.swift; path = 3DTest.swift; sourceTree = "<group>"; };
		CB02B53B2ACE7977003F7748 /* LowPassFilter.swift */ = {isa = PBXFileReference; lastKnownFileType = sourcecode.swift; path = LowPassFilter.swift; sourceTree = "<group>"; };
		CB02B53D2ACF4553003F7748 /* MockSwingSensor.swift */ = {isa = PBXFileReference; lastKnownFileType = sourcecode.swift; path = MockSwingSensor.swift; sourceTree = "<group>"; };
		CB0A09EA2AD738080055874D /* SwingStatsView.swift */ = {isa = PBXFileReference; lastKnownFileType = sourcecode.swift; path = SwingStatsView.swift; sourceTree = "<group>"; };
		CB0A09EC2AD73BC30055874D /* Swing.swift */ = {isa = PBXFileReference; lastKnownFileType = sourcecode.swift; path = Swing.swift; sourceTree = "<group>"; };
		CB0A09EE2AD745190055874D /* SwingSession.swift */ = {isa = PBXFileReference; lastKnownFileType = sourcecode.swift; path = SwingSession.swift; sourceTree = "<group>"; };
		CB0A09F02AD87CB00055874D /* RoundedRectangleWithShadow.swift */ = {isa = PBXFileReference; lastKnownFileType = sourcecode.swift; path = RoundedRectangleWithShadow.swift; sourceTree = "<group>"; };
		CB0A09F22AD890990055874D /* DoubleUtils.swift */ = {isa = PBXFileReference; lastKnownFileType = sourcecode.swift; path = DoubleUtils.swift; sourceTree = "<group>"; };
		CB0A09FD2AD9D6BF0055874D /* BR Firma SemiBold Italic.otf */ = {isa = PBXFileReference; lastKnownFileType = file; path = "BR Firma SemiBold Italic.otf"; sourceTree = "<group>"; };
		CB0A09FE2AD9D6BF0055874D /* BR Firma Medium Italic.otf */ = {isa = PBXFileReference; lastKnownFileType = file; path = "BR Firma Medium Italic.otf"; sourceTree = "<group>"; };
		CB0A09FF2AD9D6BF0055874D /* BR Firma Black Italic.otf */ = {isa = PBXFileReference; lastKnownFileType = file; path = "BR Firma Black Italic.otf"; sourceTree = "<group>"; };
		CB0A0A002AD9D6BF0055874D /* BR Firma Light Italic.otf */ = {isa = PBXFileReference; lastKnownFileType = file; path = "BR Firma Light Italic.otf"; sourceTree = "<group>"; };
		CB0A0A012AD9D6BF0055874D /* BR Firma Light.otf */ = {isa = PBXFileReference; lastKnownFileType = file; path = "BR Firma Light.otf"; sourceTree = "<group>"; };
		CB0A0A022AD9D6BF0055874D /* BR Firma Thin.otf */ = {isa = PBXFileReference; lastKnownFileType = file; path = "BR Firma Thin.otf"; sourceTree = "<group>"; };
		CB0A0A032AD9D6BF0055874D /* BR Firma Bold.otf */ = {isa = PBXFileReference; lastKnownFileType = file; path = "BR Firma Bold.otf"; sourceTree = "<group>"; };
		CB0A0A042AD9D6BF0055874D /* BR Firma Regular Italic.otf */ = {isa = PBXFileReference; lastKnownFileType = file; path = "BR Firma Regular Italic.otf"; sourceTree = "<group>"; };
		CB0A0A052AD9D6BF0055874D /* BR Firma Thin Italic.otf */ = {isa = PBXFileReference; lastKnownFileType = file; path = "BR Firma Thin Italic.otf"; sourceTree = "<group>"; };
		CB0A0A062AD9D6BF0055874D /* BR Firma Extra Light.otf */ = {isa = PBXFileReference; lastKnownFileType = file; path = "BR Firma Extra Light.otf"; sourceTree = "<group>"; };
		CB0A0A072AD9D6BF0055874D /* BR Firma Extra Light Italic.otf */ = {isa = PBXFileReference; lastKnownFileType = file; path = "BR Firma Extra Light Italic.otf"; sourceTree = "<group>"; };
		CB0A0A082AD9D6BF0055874D /* BR Firma Regular.otf */ = {isa = PBXFileReference; lastKnownFileType = file; path = "BR Firma Regular.otf"; sourceTree = "<group>"; };
		CB0A0A092AD9D6BF0055874D /* BR Firma SemiBold.otf */ = {isa = PBXFileReference; lastKnownFileType = file; path = "BR Firma SemiBold.otf"; sourceTree = "<group>"; };
		CB0A0A0A2AD9D6BF0055874D /* BR Firma Black.otf */ = {isa = PBXFileReference; lastKnownFileType = file; path = "BR Firma Black.otf"; sourceTree = "<group>"; };
		CB0A0A0B2AD9D6BF0055874D /* BR Firma Bold Italic.otf */ = {isa = PBXFileReference; lastKnownFileType = file; path = "BR Firma Bold Italic.otf"; sourceTree = "<group>"; };
		CB0A0A0C2AD9D6BF0055874D /* BR Firma Medium.otf */ = {isa = PBXFileReference; lastKnownFileType = file; path = "BR Firma Medium.otf"; sourceTree = "<group>"; };
		CB0A0A1D2AD9D7860055874D /* Archer-Golf-Info.plist */ = {isa = PBXFileReference; lastKnownFileType = text.plist; path = "Archer-Golf-Info.plist"; sourceTree = SOURCE_ROOT; };
		CB0A0A1E2AD9D89A0055874D /* Fonts.swift */ = {isa = PBXFileReference; lastKnownFileType = sourcecode.swift; path = Fonts.swift; sourceTree = "<group>"; };
		CB0A0A202AD9DC4D0055874D /* FontSwizzler.swift */ = {isa = PBXFileReference; lastKnownFileType = sourcecode.swift; path = FontSwizzler.swift; sourceTree = "<group>"; };
		CB0A40C32AE72336007C7C2F /* SwingDetector.swift */ = {isa = PBXFileReference; lastKnownFileType = sourcecode.swift; path = SwingDetector.swift; sourceTree = "<group>"; };
		CB615D242AF0542500249854 /* SwingStatGridView.swift */ = {isa = PBXFileReference; lastKnownFileType = sourcecode.swift; path = SwingStatGridView.swift; sourceTree = "<group>"; };
		CB615D262AF05E8800249854 /* AppHeader.swift */ = {isa = PBXFileReference; lastKnownFileType = sourcecode.swift; path = AppHeader.swift; sourceTree = "<group>"; };
		CB8C81F72AD086E500407CC5 /* SumGyro.swift */ = {isa = PBXFileReference; lastKnownFileType = sourcecode.swift; path = SumGyro.swift; sourceTree = "<group>"; };
		CB8C81F92AD08B6900407CC5 /* 3dRectangleTest.swift */ = {isa = PBXFileReference; lastKnownFileType = sourcecode.swift; path = 3dRectangleTest.swift; sourceTree = "<group>"; };
		CB971E7F2AFED701008E39DF /* SwingDetectorProtocol.swift */ = {isa = PBXFileReference; lastKnownFileType = sourcecode.swift; path = SwingDetectorProtocol.swift; sourceTree = "<group>"; };
		CB971E812AFEDDBE008E39DF /* SwingChart.swift */ = {isa = PBXFileReference; lastKnownFileType = sourcecode.swift; path = SwingChart.swift; sourceTree = "<group>"; };
		CB971E8B2B031E8E008E39DF /* Logger.swift */ = {isa = PBXFileReference; lastKnownFileType = sourcecode.swift; path = Logger.swift; sourceTree = "<group>"; };
		CB971E8D2B033112008E39DF /* RecordingButton.swift */ = {isa = PBXFileReference; lastKnownFileType = sourcecode.swift; path = RecordingButton.swift; sourceTree = "<group>"; };
		CB971E8F2B033446008E39DF /* SwingListView.swift */ = {isa = PBXFileReference; lastKnownFileType = sourcecode.swift; path = SwingListView.swift; sourceTree = "<group>"; };
		CB971E912B033614008E39DF /* SensorStats.swift */ = {isa = PBXFileReference; lastKnownFileType = sourcecode.swift; path = SensorStats.swift; sourceTree = "<group>"; };
		CB9E765A2AFC35D000E859E2 /* SwingDataProcessor.swift */ = {isa = PBXFileReference; lastKnownFileType = sourcecode.swift; path = SwingDataProcessor.swift; sourceTree = "<group>"; };
/* End PBXFileReference section */

/* Begin PBXFrameworksBuildPhase section */
		CB02B5152ACE25DD003F7748 /* Frameworks */ = {
			isa = PBXFrameworksBuildPhase;
			buildActionMask = 2147483647;
			files = (
				CB971E952B033975008E39DF /* Dependencies in Frameworks */,
			);
			runOnlyForDeploymentPostprocessing = 0;
		};
/* End PBXFrameworksBuildPhase section */

/* Begin PBXGroup section */
		CB02B50F2ACE25DD003F7748 = {
			isa = PBXGroup;
			children = (
				CB02B51A2ACE25DD003F7748 /* Archer Golf */,
				CB02B5192ACE25DD003F7748 /* Products */,
			);
			sourceTree = "<group>";
		};
		CB02B5192ACE25DD003F7748 /* Products */ = {
			isa = PBXGroup;
			children = (
				CB02B5182ACE25DD003F7748 /* Archer Golf.app */,
			);
			name = Products;
			sourceTree = "<group>";
		};
		CB02B51A2ACE25DD003F7748 /* Archer Golf */ = {
			isa = PBXGroup;
			children = (
				CB0A0A1D2AD9D7860055874D /* Archer-Golf-Info.plist */,
				CB02B5362ACE26A4003F7748 /* Utils */,
				CB02B5302ACE2626003F7748 /* Models */,
				CB02B52D2ACE260B003F7748 /* Protocols */,
				CB02B52C2ACE2605003F7748 /* Views */,
				CB02B51B2ACE25DD003F7748 /* Archer_GolfApp.swift */,
				CB02B51D2ACE25DD003F7748 /* ContentView.swift */,
				CB02B5212ACE25DE003F7748 /* Assets.xcassets */,
				CB02B5232ACE25DE003F7748 /* Archer_Golf.entitlements */,
				CB0A09FC2AD9D6940055874D /* Fonts */,
				CB02B5242ACE25DE003F7748 /* Preview Content */,
			);
			path = "Archer Golf";
			sourceTree = "<group>";
		};
		CB02B5242ACE25DE003F7748 /* Preview Content */ = {
			isa = PBXGroup;
			children = (
				CB02B5252ACE25DE003F7748 /* Preview Assets.xcassets */,
			);
			path = "Preview Content";
			sourceTree = "<group>";
		};
		CB02B52C2ACE2605003F7748 /* Views */ = {
			isa = PBXGroup;
			children = (
				CB971E812AFEDDBE008E39DF /* SwingChart.swift */,
				CB02B52E2ACE261F003F7748 /* SwingView.swift */,
				CB02B5392ACE6A4D003F7748 /* 3DTest.swift */,
				CB8C81F92AD08B6900407CC5 /* 3dRectangleTest.swift */,
				CB0A09EA2AD738080055874D /* SwingStatsView.swift */,
				CB0A09F02AD87CB00055874D /* RoundedRectangleWithShadow.swift */,
				CB615D242AF0542500249854 /* SwingStatGridView.swift */,
				CB615D262AF05E8800249854 /* AppHeader.swift */,
				CB971E8D2B033112008E39DF /* RecordingButton.swift */,
				CB971E8F2B033446008E39DF /* SwingListView.swift */,
				CB971E912B033614008E39DF /* SensorStats.swift */,
			);
			path = Views;
			sourceTree = "<group>";
		};
		CB02B52D2ACE260B003F7748 /* Protocols */ = {
			isa = PBXGroup;
			children = (
				CB02B5342ACE2682003F7748 /* SwingSensorDevice.swift */,
				CB971E7F2AFED701008E39DF /* SwingDetectorProtocol.swift */,
			);
			path = Protocols;
			sourceTree = "<group>";
		};
		CB02B5302ACE2626003F7748 /* Models */ = {
			isa = PBXGroup;
			children = (
				CB02B5322ACE2662003F7748 /* BLESwingSensor.swift */,
				CB02B53D2ACF4553003F7748 /* MockSwingSensor.swift */,
				CB8C81F72AD086E500407CC5 /* SumGyro.swift */,
				CB0A09EC2AD73BC30055874D /* Swing.swift */,
				CB0A09EE2AD745190055874D /* SwingSession.swift */,
			);
			path = Models;
			sourceTree = "<group>";
		};
		CB02B5362ACE26A4003F7748 /* Utils */ = {
			isa = PBXGroup;
			children = (
				CB02B5372ACE26B1003F7748 /* UUIDUtils.swift */,
				CB02B53B2ACE7977003F7748 /* LowPassFilter.swift */,
				CB0A09F22AD890990055874D /* DoubleUtils.swift */,
				CB0A0A1E2AD9D89A0055874D /* Fonts.swift */,
				CB0A0A202AD9DC4D0055874D /* FontSwizzler.swift */,
				CB0A40C32AE72336007C7C2F /* SwingDetector.swift */,
				CB9E765A2AFC35D000E859E2 /* SwingDataProcessor.swift */,
				CB971E8B2B031E8E008E39DF /* Logger.swift */,
			);
			path = Utils;
			sourceTree = "<group>";
		};
		CB0A09FC2AD9D6940055874D /* Fonts */ = {
			isa = PBXGroup;
			children = (
				CB0A09FF2AD9D6BF0055874D /* BR Firma Black Italic.otf */,
				CB0A0A0A2AD9D6BF0055874D /* BR Firma Black.otf */,
				CB0A0A0B2AD9D6BF0055874D /* BR Firma Bold Italic.otf */,
				CB0A0A032AD9D6BF0055874D /* BR Firma Bold.otf */,
				CB0A0A072AD9D6BF0055874D /* BR Firma Extra Light Italic.otf */,
				CB0A0A062AD9D6BF0055874D /* BR Firma Extra Light.otf */,
				CB0A0A002AD9D6BF0055874D /* BR Firma Light Italic.otf */,
				CB0A0A012AD9D6BF0055874D /* BR Firma Light.otf */,
				CB0A09FE2AD9D6BF0055874D /* BR Firma Medium Italic.otf */,
				CB0A0A0C2AD9D6BF0055874D /* BR Firma Medium.otf */,
				CB0A0A042AD9D6BF0055874D /* BR Firma Regular Italic.otf */,
				CB0A0A082AD9D6BF0055874D /* BR Firma Regular.otf */,
				CB0A09FD2AD9D6BF0055874D /* BR Firma SemiBold Italic.otf */,
				CB0A0A092AD9D6BF0055874D /* BR Firma SemiBold.otf */,
				CB0A0A052AD9D6BF0055874D /* BR Firma Thin Italic.otf */,
				CB0A0A022AD9D6BF0055874D /* BR Firma Thin.otf */,
			);
			path = Fonts;
			sourceTree = "<group>";
		};
/* End PBXGroup section */

/* Begin PBXNativeTarget section */
		CB02B5172ACE25DD003F7748 /* Archer Golf */ = {
			isa = PBXNativeTarget;
			buildConfigurationList = CB02B5292ACE25DE003F7748 /* Build configuration list for PBXNativeTarget "Archer Golf" */;
			buildPhases = (
				CB02B5142ACE25DD003F7748 /* Sources */,
				CB02B5152ACE25DD003F7748 /* Frameworks */,
				CB02B5162ACE25DD003F7748 /* Resources */,
			);
			buildRules = (
			);
			dependencies = (
			);
			name = "Archer Golf";
			packageProductDependencies = (
				CB971E942B033975008E39DF /* Dependencies */,
			);
			productName = "Archer Golf";
			productReference = CB02B5182ACE25DD003F7748 /* Archer Golf.app */;
			productType = "com.apple.product-type.application";
		};
/* End PBXNativeTarget section */

/* Begin PBXProject section */
		CB02B5102ACE25DD003F7748 /* Project object */ = {
			isa = PBXProject;
			attributes = {
				BuildIndependentTargetsInParallel = 1;
				LastSwiftUpdateCheck = 1500;
				LastUpgradeCheck = 1500;
				TargetAttributes = {
					CB02B5172ACE25DD003F7748 = {
						CreatedOnToolsVersion = 15.0;
					};
				};
			};
			buildConfigurationList = CB02B5132ACE25DD003F7748 /* Build configuration list for PBXProject "Archer Golf" */;
			compatibilityVersion = "Xcode 14.0";
			developmentRegion = en;
			hasScannedForEncodings = 0;
			knownRegions = (
				en,
				Base,
			);
			mainGroup = CB02B50F2ACE25DD003F7748;
			packageReferences = (
				CB971E932B033975008E39DF /* XCRemoteSwiftPackageReference "swift-dependencies" */,
			);
			productRefGroup = CB02B5192ACE25DD003F7748 /* Products */;
			projectDirPath = "";
			projectRoot = "";
			targets = (
				CB02B5172ACE25DD003F7748 /* Archer Golf */,
			);
		};
/* End PBXProject section */

/* Begin PBXResourcesBuildPhase section */
		CB02B5162ACE25DD003F7748 /* Resources */ = {
			isa = PBXResourcesBuildPhase;
			buildActionMask = 2147483647;
			files = (
				CB0A0A152AD9D6BF0055874D /* BR Firma Thin Italic.otf in Resources */,
				CB0A0A132AD9D6BF0055874D /* BR Firma Bold.otf in Resources */,
				CB0A0A162AD9D6BF0055874D /* BR Firma Extra Light.otf in Resources */,
				CB0A0A142AD9D6BF0055874D /* BR Firma Regular Italic.otf in Resources */,
				CB0A0A112AD9D6BF0055874D /* BR Firma Light.otf in Resources */,
				CB0A0A0F2AD9D6BF0055874D /* BR Firma Black Italic.otf in Resources */,
				CB0A0A182AD9D6BF0055874D /* BR Firma Regular.otf in Resources */,
				CB02B5262ACE25DE003F7748 /* Preview Assets.xcassets in Resources */,
				CB0A0A1B2AD9D6BF0055874D /* BR Firma Bold Italic.otf in Resources */,
				CB02B5222ACE25DE003F7748 /* Assets.xcassets in Resources */,
				CB0A0A1A2AD9D6BF0055874D /* BR Firma Black.otf in Resources */,
				CB0A0A172AD9D6BF0055874D /* BR Firma Extra Light Italic.otf in Resources */,
				CB0A0A102AD9D6BF0055874D /* BR Firma Light Italic.otf in Resources */,
				CB0A0A0D2AD9D6BF0055874D /* BR Firma SemiBold Italic.otf in Resources */,
				CB0A0A122AD9D6BF0055874D /* BR Firma Thin.otf in Resources */,
				CB0A0A0E2AD9D6BF0055874D /* BR Firma Medium Italic.otf in Resources */,
				CB0A0A1C2AD9D6BF0055874D /* BR Firma Medium.otf in Resources */,
				CB0A0A192AD9D6BF0055874D /* BR Firma SemiBold.otf in Resources */,
			);
			runOnlyForDeploymentPostprocessing = 0;
		};
/* End PBXResourcesBuildPhase section */

/* Begin PBXSourcesBuildPhase section */
		CB02B5142ACE25DD003F7748 /* Sources */ = {
			isa = PBXSourcesBuildPhase;
			buildActionMask = 2147483647;
			files = (
				CB02B53C2ACE7977003F7748 /* LowPassFilter.swift in Sources */,
				CB0A09EF2AD745190055874D /* SwingSession.swift in Sources */,
				CB02B51E2ACE25DD003F7748 /* ContentView.swift in Sources */,
				CB02B52F2ACE261F003F7748 /* SwingView.swift in Sources */,
				CB02B5352ACE2682003F7748 /* SwingSensorDevice.swift in Sources */,
				CB971E822AFEDDBE008E39DF /* SwingChart.swift in Sources */,
				CB9E765B2AFC35D000E859E2 /* SwingDataProcessor.swift in Sources */,
				CB971E8E2B033112008E39DF /* RecordingButton.swift in Sources */,
				CB0A09ED2AD73BC30055874D /* Swing.swift in Sources */,
				CB0A09F12AD87CB00055874D /* RoundedRectangleWithShadow.swift in Sources */,
				CB971E802AFED701008E39DF /* SwingDetectorProtocol.swift in Sources */,
				CB0A0A1F2AD9D89A0055874D /* Fonts.swift in Sources */,
				CB615D272AF05E8800249854 /* AppHeader.swift in Sources */,
				CB02B5382ACE26B1003F7748 /* UUIDUtils.swift in Sources */,
				CB02B5332ACE2662003F7748 /* BLESwingSensor.swift in Sources */,
				CB0A40C42AE72336007C7C2F /* SwingDetector.swift in Sources */,
				CB0A09EB2AD738080055874D /* SwingStatsView.swift in Sources */,
				CB971E922B033614008E39DF /* SensorStats.swift in Sources */,
				CB02B53A2ACE6A4D003F7748 /* 3DTest.swift in Sources */,
				CB971E902B033446008E39DF /* SwingListView.swift in Sources */,
				CB8C81FA2AD08B6900407CC5 /* 3dRectangleTest.swift in Sources */,
				CB8C81F82AD086E500407CC5 /* SumGyro.swift in Sources */,
				CB0A0A212AD9DC4D0055874D /* FontSwizzler.swift in Sources */,
				CB971E8C2B031E8E008E39DF /* Logger.swift in Sources */,
				CB02B53E2ACF4553003F7748 /* MockSwingSensor.swift in Sources */,
				CB02B51C2ACE25DD003F7748 /* Archer_GolfApp.swift in Sources */,
				CB0A09F32AD890990055874D /* DoubleUtils.swift in Sources */,
				CB615D252AF0542500249854 /* SwingStatGridView.swift in Sources */,
			);
			runOnlyForDeploymentPostprocessing = 0;
		};
/* End PBXSourcesBuildPhase section */

/* Begin XCBuildConfiguration section */
		CB02B5272ACE25DE003F7748 /* Debug */ = {
			isa = XCBuildConfiguration;
			buildSettings = {
				ALWAYS_SEARCH_USER_PATHS = NO;
				ASSETCATALOG_COMPILER_GENERATE_SWIFT_ASSET_SYMBOL_EXTENSIONS = YES;
				CLANG_ANALYZER_NONNULL = YES;
				CLANG_ANALYZER_NUMBER_OBJECT_CONVERSION = YES_AGGRESSIVE;
				CLANG_CXX_LANGUAGE_STANDARD = "gnu++20";
				CLANG_ENABLE_MODULES = YES;
				CLANG_ENABLE_OBJC_ARC = YES;
				CLANG_ENABLE_OBJC_WEAK = YES;
				CLANG_WARN_BLOCK_CAPTURE_AUTORELEASING = YES;
				CLANG_WARN_BOOL_CONVERSION = YES;
				CLANG_WARN_COMMA = YES;
				CLANG_WARN_CONSTANT_CONVERSION = YES;
				CLANG_WARN_DEPRECATED_OBJC_IMPLEMENTATIONS = YES;
				CLANG_WARN_DIRECT_OBJC_ISA_USAGE = YES_ERROR;
				CLANG_WARN_DOCUMENTATION_COMMENTS = YES;
				CLANG_WARN_EMPTY_BODY = YES;
				CLANG_WARN_ENUM_CONVERSION = YES;
				CLANG_WARN_INFINITE_RECURSION = YES;
				CLANG_WARN_INT_CONVERSION = YES;
				CLANG_WARN_NON_LITERAL_NULL_CONVERSION = YES;
				CLANG_WARN_OBJC_IMPLICIT_RETAIN_SELF = YES;
				CLANG_WARN_OBJC_LITERAL_CONVERSION = YES;
				CLANG_WARN_OBJC_ROOT_CLASS = YES_ERROR;
				CLANG_WARN_QUOTED_INCLUDE_IN_FRAMEWORK_HEADER = YES;
				CLANG_WARN_RANGE_LOOP_ANALYSIS = YES;
				CLANG_WARN_STRICT_PROTOTYPES = YES;
				CLANG_WARN_SUSPICIOUS_MOVE = YES;
				CLANG_WARN_UNGUARDED_AVAILABILITY = YES_AGGRESSIVE;
				CLANG_WARN_UNREACHABLE_CODE = YES;
				CLANG_WARN__DUPLICATE_METHOD_MATCH = YES;
				COPY_PHASE_STRIP = NO;
				DEBUG_INFORMATION_FORMAT = dwarf;
				ENABLE_STRICT_OBJC_MSGSEND = YES;
				ENABLE_TESTABILITY = YES;
				ENABLE_USER_SCRIPT_SANDBOXING = YES;
				GCC_C_LANGUAGE_STANDARD = gnu17;
				GCC_DYNAMIC_NO_PIC = NO;
				GCC_NO_COMMON_BLOCKS = YES;
				GCC_OPTIMIZATION_LEVEL = 0;
				GCC_PREPROCESSOR_DEFINITIONS = (
					"DEBUG=1",
					"$(inherited)",
				);
				GCC_WARN_64_TO_32_BIT_CONVERSION = YES;
				GCC_WARN_ABOUT_RETURN_TYPE = YES_ERROR;
				GCC_WARN_UNDECLARED_SELECTOR = YES;
				GCC_WARN_UNINITIALIZED_AUTOS = YES_AGGRESSIVE;
				GCC_WARN_UNUSED_FUNCTION = YES;
				GCC_WARN_UNUSED_VARIABLE = YES;
				LOCALIZATION_PREFERS_STRING_CATALOGS = YES;
				MTL_ENABLE_DEBUG_INFO = INCLUDE_SOURCE;
				MTL_FAST_MATH = YES;
				ONLY_ACTIVE_ARCH = YES;
				SWIFT_ACTIVE_COMPILATION_CONDITIONS = "DEBUG $(inherited)";
				SWIFT_OPTIMIZATION_LEVEL = "-Onone";
			};
			name = Debug;
		};
		CB02B5282ACE25DE003F7748 /* Release */ = {
			isa = XCBuildConfiguration;
			buildSettings = {
				ALWAYS_SEARCH_USER_PATHS = NO;
				ASSETCATALOG_COMPILER_GENERATE_SWIFT_ASSET_SYMBOL_EXTENSIONS = YES;
				CLANG_ANALYZER_NONNULL = YES;
				CLANG_ANALYZER_NUMBER_OBJECT_CONVERSION = YES_AGGRESSIVE;
				CLANG_CXX_LANGUAGE_STANDARD = "gnu++20";
				CLANG_ENABLE_MODULES = YES;
				CLANG_ENABLE_OBJC_ARC = YES;
				CLANG_ENABLE_OBJC_WEAK = YES;
				CLANG_WARN_BLOCK_CAPTURE_AUTORELEASING = YES;
				CLANG_WARN_BOOL_CONVERSION = YES;
				CLANG_WARN_COMMA = YES;
				CLANG_WARN_CONSTANT_CONVERSION = YES;
				CLANG_WARN_DEPRECATED_OBJC_IMPLEMENTATIONS = YES;
				CLANG_WARN_DIRECT_OBJC_ISA_USAGE = YES_ERROR;
				CLANG_WARN_DOCUMENTATION_COMMENTS = YES;
				CLANG_WARN_EMPTY_BODY = YES;
				CLANG_WARN_ENUM_CONVERSION = YES;
				CLANG_WARN_INFINITE_RECURSION = YES;
				CLANG_WARN_INT_CONVERSION = YES;
				CLANG_WARN_NON_LITERAL_NULL_CONVERSION = YES;
				CLANG_WARN_OBJC_IMPLICIT_RETAIN_SELF = YES;
				CLANG_WARN_OBJC_LITERAL_CONVERSION = YES;
				CLANG_WARN_OBJC_ROOT_CLASS = YES_ERROR;
				CLANG_WARN_QUOTED_INCLUDE_IN_FRAMEWORK_HEADER = YES;
				CLANG_WARN_RANGE_LOOP_ANALYSIS = YES;
				CLANG_WARN_STRICT_PROTOTYPES = YES;
				CLANG_WARN_SUSPICIOUS_MOVE = YES;
				CLANG_WARN_UNGUARDED_AVAILABILITY = YES_AGGRESSIVE;
				CLANG_WARN_UNREACHABLE_CODE = YES;
				CLANG_WARN__DUPLICATE_METHOD_MATCH = YES;
				COPY_PHASE_STRIP = NO;
				DEBUG_INFORMATION_FORMAT = "dwarf-with-dsym";
				ENABLE_NS_ASSERTIONS = NO;
				ENABLE_STRICT_OBJC_MSGSEND = YES;
				ENABLE_USER_SCRIPT_SANDBOXING = YES;
				GCC_C_LANGUAGE_STANDARD = gnu17;
				GCC_NO_COMMON_BLOCKS = YES;
				GCC_WARN_64_TO_32_BIT_CONVERSION = YES;
				GCC_WARN_ABOUT_RETURN_TYPE = YES_ERROR;
				GCC_WARN_UNDECLARED_SELECTOR = YES;
				GCC_WARN_UNINITIALIZED_AUTOS = YES_AGGRESSIVE;
				GCC_WARN_UNUSED_FUNCTION = YES;
				GCC_WARN_UNUSED_VARIABLE = YES;
				LOCALIZATION_PREFERS_STRING_CATALOGS = YES;
				MTL_ENABLE_DEBUG_INFO = NO;
				MTL_FAST_MATH = YES;
				SWIFT_COMPILATION_MODE = wholemodule;
			};
			name = Release;
		};
		CB02B52A2ACE25DE003F7748 /* Debug */ = {
			isa = XCBuildConfiguration;
			buildSettings = {
				ASSETCATALOG_COMPILER_APPICON_NAME = AppIcon;
				ASSETCATALOG_COMPILER_GLOBAL_ACCENT_COLOR_NAME = AccentColor;
				CODE_SIGN_ENTITLEMENTS = "Archer Golf/Archer_Golf.entitlements";
				CODE_SIGN_STYLE = Automatic;
				CURRENT_PROJECT_VERSION = 1;
				DEVELOPMENT_ASSET_PATHS = "\"Archer Golf/Preview Content\"";
				DEVELOPMENT_TEAM = DK2SU3H9Y5;
				ENABLE_HARDENED_RUNTIME = YES;
				ENABLE_PREVIEWS = YES;
				GENERATE_INFOPLIST_FILE = YES;
				INFOPLIST_FILE = "Archer-Golf-Info.plist";
				INFOPLIST_KEY_NSBluetoothAlwaysUsageDescription = "Can this app connect to Bluetooth devices when iPhone is off?";
				INFOPLIST_KEY_NSBluetoothPeripheralUsageDescription = "Can this app connect to Bluetooth devices?";
				INFOPLIST_KEY_NSBluetoothWhileInUseUsageDescription = "Can this app connect to Bluetooth devices?";
				"INFOPLIST_KEY_UIApplicationSceneManifest_Generation[sdk=iphoneos*]" = YES;
				"INFOPLIST_KEY_UIApplicationSceneManifest_Generation[sdk=iphonesimulator*]" = YES;
				"INFOPLIST_KEY_UIApplicationSupportsIndirectInputEvents[sdk=iphoneos*]" = YES;
				"INFOPLIST_KEY_UIApplicationSupportsIndirectInputEvents[sdk=iphonesimulator*]" = YES;
				"INFOPLIST_KEY_UILaunchScreen_Generation[sdk=iphoneos*]" = YES;
				"INFOPLIST_KEY_UILaunchScreen_Generation[sdk=iphonesimulator*]" = YES;
				"INFOPLIST_KEY_UIStatusBarStyle[sdk=iphoneos*]" = UIStatusBarStyleDefault;
				"INFOPLIST_KEY_UIStatusBarStyle[sdk=iphonesimulator*]" = UIStatusBarStyleDefault;
				INFOPLIST_KEY_UISupportedInterfaceOrientations_iPad = "UIInterfaceOrientationPortrait UIInterfaceOrientationPortraitUpsideDown UIInterfaceOrientationLandscapeLeft UIInterfaceOrientationLandscapeRight";
				INFOPLIST_KEY_UISupportedInterfaceOrientations_iPhone = "UIInterfaceOrientationPortrait UIInterfaceOrientationLandscapeLeft UIInterfaceOrientationLandscapeRight";
				IPHONEOS_DEPLOYMENT_TARGET = 17.0;
				LD_RUNPATH_SEARCH_PATHS = "@executable_path/Frameworks";
				"LD_RUNPATH_SEARCH_PATHS[sdk=macosx*]" = "@executable_path/../Frameworks";
				MACOSX_DEPLOYMENT_TARGET = 14.0;
				MARKETING_VERSION = 1.0;
				PRODUCT_BUNDLE_IDENTIFIER = "archer.Archer-Golf";
				PRODUCT_NAME = "$(TARGET_NAME)";
				SDKROOT = auto;
				SUPPORTED_PLATFORMS = "iphoneos iphonesimulator macosx";
				SWIFT_EMIT_LOC_STRINGS = YES;
				SWIFT_VERSION = 5.0;
				TARGETED_DEVICE_FAMILY = "1,2";
			};
			name = Debug;
		};
		CB02B52B2ACE25DE003F7748 /* Release */ = {
			isa = XCBuildConfiguration;
			buildSettings = {
				ASSETCATALOG_COMPILER_APPICON_NAME = AppIcon;
				ASSETCATALOG_COMPILER_GLOBAL_ACCENT_COLOR_NAME = AccentColor;
				CODE_SIGN_ENTITLEMENTS = "Archer Golf/Archer_Golf.entitlements";
				CODE_SIGN_STYLE = Automatic;
				CURRENT_PROJECT_VERSION = 1;
				DEVELOPMENT_ASSET_PATHS = "\"Archer Golf/Preview Content\"";
				DEVELOPMENT_TEAM = DK2SU3H9Y5;
				ENABLE_HARDENED_RUNTIME = YES;
				ENABLE_PREVIEWS = YES;
				GENERATE_INFOPLIST_FILE = YES;
				INFOPLIST_FILE = "Archer-Golf-Info.plist";
				INFOPLIST_KEY_NSBluetoothAlwaysUsageDescription = "Can this app connect to Bluetooth devices when iPhone is off?";
				INFOPLIST_KEY_NSBluetoothPeripheralUsageDescription = "Can this app connect to Bluetooth devices?";
				INFOPLIST_KEY_NSBluetoothWhileInUseUsageDescription = "Can this app connect to Bluetooth devices?";
				"INFOPLIST_KEY_UIApplicationSceneManifest_Generation[sdk=iphoneos*]" = YES;
				"INFOPLIST_KEY_UIApplicationSceneManifest_Generation[sdk=iphonesimulator*]" = YES;
				"INFOPLIST_KEY_UIApplicationSupportsIndirectInputEvents[sdk=iphoneos*]" = YES;
				"INFOPLIST_KEY_UIApplicationSupportsIndirectInputEvents[sdk=iphonesimulator*]" = YES;
				"INFOPLIST_KEY_UILaunchScreen_Generation[sdk=iphoneos*]" = YES;
				"INFOPLIST_KEY_UILaunchScreen_Generation[sdk=iphonesimulator*]" = YES;
				"INFOPLIST_KEY_UIStatusBarStyle[sdk=iphoneos*]" = UIStatusBarStyleDefault;
				"INFOPLIST_KEY_UIStatusBarStyle[sdk=iphonesimulator*]" = UIStatusBarStyleDefault;
				INFOPLIST_KEY_UISupportedInterfaceOrientations_iPad = "UIInterfaceOrientationPortrait UIInterfaceOrientationPortraitUpsideDown UIInterfaceOrientationLandscapeLeft UIInterfaceOrientationLandscapeRight";
				INFOPLIST_KEY_UISupportedInterfaceOrientations_iPhone = "UIInterfaceOrientationPortrait UIInterfaceOrientationLandscapeLeft UIInterfaceOrientationLandscapeRight";
				IPHONEOS_DEPLOYMENT_TARGET = 17.0;
				LD_RUNPATH_SEARCH_PATHS = "@executable_path/Frameworks";
				"LD_RUNPATH_SEARCH_PATHS[sdk=macosx*]" = "@executable_path/../Frameworks";
				MACOSX_DEPLOYMENT_TARGET = 14.0;
				MARKETING_VERSION = 1.0;
				PRODUCT_BUNDLE_IDENTIFIER = "archer.Archer-Golf";
				PRODUCT_NAME = "$(TARGET_NAME)";
				SDKROOT = auto;
				SUPPORTED_PLATFORMS = "iphoneos iphonesimulator macosx";
				SWIFT_EMIT_LOC_STRINGS = YES;
				SWIFT_VERSION = 5.0;
				TARGETED_DEVICE_FAMILY = "1,2";
			};
			name = Release;
		};
/* End XCBuildConfiguration section */

/* Begin XCConfigurationList section */
		CB02B5132ACE25DD003F7748 /* Build configuration list for PBXProject "Archer Golf" */ = {
			isa = XCConfigurationList;
			buildConfigurations = (
				CB02B5272ACE25DE003F7748 /* Debug */,
				CB02B5282ACE25DE003F7748 /* Release */,
			);
			defaultConfigurationIsVisible = 0;
			defaultConfigurationName = Release;
		};
		CB02B5292ACE25DE003F7748 /* Build configuration list for PBXNativeTarget "Archer Golf" */ = {
			isa = XCConfigurationList;
			buildConfigurations = (
				CB02B52A2ACE25DE003F7748 /* Debug */,
				CB02B52B2ACE25DE003F7748 /* Release */,
			);
			defaultConfigurationIsVisible = 0;
			defaultConfigurationName = Release;
		};
/* End XCConfigurationList section */

/* Begin XCRemoteSwiftPackageReference section */
		CB971E932B033975008E39DF /* XCRemoteSwiftPackageReference "swift-dependencies" */ = {
			isa = XCRemoteSwiftPackageReference;
			repositoryURL = "https://github.com/pointfreeco/swift-dependencies";
			requirement = {
				kind = upToNextMajorVersion;
				minimumVersion = 1.0.0;
			};
		};
/* End XCRemoteSwiftPackageReference section */

/* Begin XCSwiftPackageProductDependency section */
		CB971E942B033975008E39DF /* Dependencies */ = {
			isa = XCSwiftPackageProductDependency;
			package = CB971E932B033975008E39DF /* XCRemoteSwiftPackageReference "swift-dependencies" */;
			productName = Dependencies;
		};
/* End XCSwiftPackageProductDependency section */
	};
	rootObject = CB02B5102ACE25DD003F7748 /* Project object */;
}
